
Microsoft Visual Studio Solution File, Format Version 12.00
# Visual Studio 15
VisualStudioVersion = 15.0.27428.1
MinimumVisualStudioVersion = 10.0.40219.1
Project("{FAE04EC0-301F-11D3-BF4B-00C04F79EFBC}") = "HelloWorldBot", "HelloWorldBot\HelloWorldBot.csproj", "{00EFE287-30A4-4311-B344-CDC5009B50D4}"
EndProject
Global
	GlobalSection(SolutionConfigurationPlatforms) = preSolution
		Debug|Any CPU = Debug|Any CPU
		Release|Any CPU = Release|Any CPU
	EndGlobalSection
	GlobalSection(ProjectConfigurationPlatforms) = postSolution
		{00EFE287-30A4-4311-B344-CDC5009B50D4}.Debug|Any CPU.ActiveCfg = Debug|Any CPU
		{00EFE287-30A4-4311-B344-CDC5009B50D4}.Debug|Any CPU.Build.0 = Debug|Any CPU
		{00EFE287-30A4-4311-B344-CDC5009B50D4}.Release|Any CPU.ActiveCfg = Release|Any CPU
		{00EFE287-30A4-4311-B344-CDC5009B50D4}.Release|Any CPU.Build.0 = Release|Any CPU
	EndGlobalSection
	GlobalSection(SolutionProperties) = preSolution
		HideSolutionNode = FALSE
	EndGlobalSection
	GlobalSection(ExtensibilityGlobals) = postSolution
		SolutionGuid = {29EB930E-5525-4116-A796-FF4CA0444C3F}
	EndGlobalSection
EndGlobal
